
Microsoft Visual Studio Solution File, Format Version 12.00
# Visual Studio 15
VisualStudioVersion = 15.0.26124.0
MinimumVisualStudioVersion = 15.0.26124.0
Project("{FAE04EC0-301F-11D3-BF4B-00C04F79EFBC}") = "Domain", "Domain\Domain.csproj", "{99218AA3-BEE3-4365-92FA-C4DC3C514509}"
EndProject
Project("{FAE04EC0-301F-11D3-BF4B-00C04F79EFBC}") = "Apllication", "Apllication\Apllication.csproj", "{7F589683-9E75-47B7-9648-FA7F87AB9835}"
EndProject
Project("{FAE04EC0-301F-11D3-BF4B-00C04F79EFBC}") = "Persistence", "Persistence\Persistence.csproj", "{7473E4F5-65EB-491A-8B92-6250CC5F6BF4}"
EndProject
Project("{FAE04EC0-301F-11D3-BF4B-00C04F79EFBC}") = "API", "API\API.csproj", "{65CECEBB-5C46-44E4-81FC-6FCE28CABEB2}"
EndProject
Global
	GlobalSection(SolutionConfigurationPlatforms) = preSolution
		Debug|Any CPU = Debug|Any CPU
		Debug|x64 = Debug|x64
		Debug|x86 = Debug|x86
		Release|Any CPU = Release|Any CPU
		Release|x64 = Release|x64
		Release|x86 = Release|x86
	EndGlobalSection
	GlobalSection(SolutionProperties) = preSolution
		HideSolutionNode = FALSE
	EndGlobalSection
	GlobalSection(ProjectConfigurationPlatforms) = postSolution
		{99218AA3-BEE3-4365-92FA-C4DC3C514509}.Debug|Any CPU.ActiveCfg = Debug|Any CPU
		{99218AA3-BEE3-4365-92FA-C4DC3C514509}.Debug|Any CPU.Build.0 = Debug|Any CPU
		{99218AA3-BEE3-4365-92FA-C4DC3C514509}.Debug|x64.ActiveCfg = Debug|Any CPU
		{99218AA3-BEE3-4365-92FA-C4DC3C514509}.Debug|x64.Build.0 = Debug|Any CPU
		{99218AA3-BEE3-4365-92FA-C4DC3C514509}.Debug|x86.ActiveCfg = Debug|Any CPU
		{99218AA3-BEE3-4365-92FA-C4DC3C514509}.Debug|x86.Build.0 = Debug|Any CPU
		{99218AA3-BEE3-4365-92FA-C4DC3C514509}.Release|Any CPU.ActiveCfg = Release|Any CPU
		{99218AA3-BEE3-4365-92FA-C4DC3C514509}.Release|Any CPU.Build.0 = Release|Any CPU
		{99218AA3-BEE3-4365-92FA-C4DC3C514509}.Release|x64.ActiveCfg = Release|Any CPU
		{99218AA3-BEE3-4365-92FA-C4DC3C514509}.Release|x64.Build.0 = Release|Any CPU
		{99218AA3-BEE3-4365-92FA-C4DC3C514509}.Release|x86.ActiveCfg = Release|Any CPU
		{99218AA3-BEE3-4365-92FA-C4DC3C514509}.Release|x86.Build.0 = Release|Any CPU
		{7F589683-9E75-47B7-9648-FA7F87AB9835}.Debug|Any CPU.ActiveCfg = Debug|Any CPU
		{7F589683-9E75-47B7-9648-FA7F87AB9835}.Debug|Any CPU.Build.0 = Debug|Any CPU
		{7F589683-9E75-47B7-9648-FA7F87AB9835}.Debug|x64.ActiveCfg = Debug|Any CPU
		{7F589683-9E75-47B7-9648-FA7F87AB9835}.Debug|x64.Build.0 = Debug|Any CPU
		{7F589683-9E75-47B7-9648-FA7F87AB9835}.Debug|x86.ActiveCfg = Debug|Any CPU
		{7F589683-9E75-47B7-9648-FA7F87AB9835}.Debug|x86.Build.0 = Debug|Any CPU
		{7F589683-9E75-47B7-9648-FA7F87AB9835}.Release|Any CPU.ActiveCfg = Release|Any CPU
		{7F589683-9E75-47B7-9648-FA7F87AB9835}.Release|Any CPU.Build.0 = Release|Any CPU
		{7F589683-9E75-47B7-9648-FA7F87AB9835}.Release|x64.ActiveCfg = Release|Any CPU
		{7F589683-9E75-47B7-9648-FA7F87AB9835}.Release|x64.Build.0 = Release|Any CPU
		{7F589683-9E75-47B7-9648-FA7F87AB9835}.Release|x86.ActiveCfg = Release|Any CPU
		{7F589683-9E75-47B7-9648-FA7F87AB9835}.Release|x86.Build.0 = Release|Any CPU
		{7473E4F5-65EB-491A-8B92-6250CC5F6BF4}.Debug|Any CPU.ActiveCfg = Debug|Any CPU
		{7473E4F5-65EB-491A-8B92-6250CC5F6BF4}.Debug|Any CPU.Build.0 = Debug|Any CPU
		{7473E4F5-65EB-491A-8B92-6250CC5F6BF4}.Debug|x64.ActiveCfg = Debug|Any CPU
		{7473E4F5-65EB-491A-8B92-6250CC5F6BF4}.Debug|x64.Build.0 = Debug|Any CPU
		{7473E4F5-65EB-491A-8B92-6250CC5F6BF4}.Debug|x86.ActiveCfg = Debug|Any CPU
		{7473E4F5-65EB-491A-8B92-6250CC5F6BF4}.Debug|x86.Build.0 = Debug|Any CPU
		{7473E4F5-65EB-491A-8B92-6250CC5F6BF4}.Release|Any CPU.ActiveCfg = Release|Any CPU
		{7473E4F5-65EB-491A-8B92-6250CC5F6BF4}.Release|Any CPU.Build.0 = Release|Any CPU
		{7473E4F5-65EB-491A-8B92-6250CC5F6BF4}.Release|x64.ActiveCfg = Release|Any CPU
		{7473E4F5-65EB-491A-8B92-6250CC5F6BF4}.Release|x64.Build.0 = Release|Any CPU
		{7473E4F5-65EB-491A-8B92-6250CC5F6BF4}.Release|x86.ActiveCfg = Release|Any CPU
		{7473E4F5-65EB-491A-8B92-6250CC5F6BF4}.Release|x86.Build.0 = Release|Any CPU
		{65CECEBB-5C46-44E4-81FC-6FCE28CABEB2}.Debug|Any CPU.ActiveCfg = Debug|Any CPU
		{65CECEBB-5C46-44E4-81FC-6FCE28CABEB2}.Debug|Any CPU.Build.0 = Debug|Any CPU
		{65CECEBB-5C46-44E4-81FC-6FCE28CABEB2}.Debug|x64.ActiveCfg = Debug|Any CPU
		{65CECEBB-5C46-44E4-81FC-6FCE28CABEB2}.Debug|x64.Build.0 = Debug|Any CPU
		{65CECEBB-5C46-44E4-81FC-6FCE28CABEB2}.Debug|x86.ActiveCfg = Debug|Any CPU
		{65CECEBB-5C46-44E4-81FC-6FCE28CABEB2}.Debug|x86.Build.0 = Debug|Any CPU
		{65CECEBB-5C46-44E4-81FC-6FCE28CABEB2}.Release|Any CPU.ActiveCfg = Release|Any CPU
		{65CECEBB-5C46-44E4-81FC-6FCE28CABEB2}.Release|Any CPU.Build.0 = Release|Any CPU
		{65CECEBB-5C46-44E4-81FC-6FCE28CABEB2}.Release|x64.ActiveCfg = Release|Any CPU
		{65CECEBB-5C46-44E4-81FC-6FCE28CABEB2}.Release|x64.Build.0 = Release|Any CPU
		{65CECEBB-5C46-44E4-81FC-6FCE28CABEB2}.Release|x86.ActiveCfg = Release|Any CPU
		{65CECEBB-5C46-44E4-81FC-6FCE28CABEB2}.Release|x86.Build.0 = Release|Any CPU
	EndGlobalSection
EndGlobal
